<Solution>
  <Folder Name="/Applications/" />
  <Folder Name="/Applications/HR/" />
  <Folder Name="/Applications/HR/UseCases/" />
  <Folder Name="/Applications/HR/UseCases/Account/">
    <Project Path="BPUA.Account.BL/BPUA.Account.BL.csproj" />
    <Project Path="BPUA.Account.Contracts/BPUA.Account.Contracts.csproj" />
    <Project Path="BPUA.Account.DAL/BPUA.Account.DAL.csproj" />
    <Project Path="BPUA.Account.DPL/BPUA.Account.DPL.csproj" />
    <Project Path="BPUA.Account.SL/BPUA.Account.SL.csproj" Id="6ba2b5a0-7e40-4cbd-989d-2501a32404c0" />
  </Folder>
  <Folder Name="/Applications/HR/UseCases/Application/">
    <Project Path="HR.Application.BL/HR.Application.BL.csproj" Id="7a4f9388-6ec7-4d5a-a639-5d3e08b8c0b2" />
    <Project Path="HR.Application.Contracts/HR.Application.Contracts.csproj" Id="d93a7ab9-9519-4b1d-96ba-0a71c6a1b4ac" />
    <Project Path="HR.Application.DAL/HR.Application.DAL.csproj" Id="ee9ba8f9-7ddb-444c-888f-c54119b6bad9" />
    <Project Path="HR.Application.DPL/HR.Application.DPL.csproj" Id="6b56d34e-a040-459d-9f04-23a0602c6f8b" />
    <Project Path="HR.Application.SL/HR.Application.SL.csproj" Id="dcda8b45-3ca6-457e-9894-4c17de7d0156" />
  </Folder>
  <Folder Name="/BPUA.Application/" />
  <Folder Name="/BPUA.Application/ApplicationServer/">
    <Project Path="BPUA.ApplicationServer.Configuration/BPUA.ApplicationServer.Configuration.csproj" />
  </Folder>
  <Folder Name="/BPUA.Application/FA/">
    <Project Path="BPUA.Application.BusinessLogic/BPUA.Application.BusinessLogic.csproj" />
    <Project Path="BPUA.Application.Contracts/BPUA.Application.Contracts.csproj" />
    <Project Path="BPUA.Application.DataAccessLogic/BPUA.Application.DataAccessLogic.csproj" />
    <Project Path="BPUA.Application.DataProcessingLogic/BPUA.Application.DataProcessingLogic.csproj" />
    <Project Path="BPUA.Application.Services/BPUA.Application.Services.csproj" />
    <Project Path="BPUA.Application.StateLogic/BPUA.Application.StateLogic.csproj" Id="457ac41b-766a-44b3-a410-d3adc9161f64" />
    <Project Path="BPUA.Application.StateMachineComponents/BPUA.Application.StateMachineComponents.csproj" />
    <Project Path="BPUA.Application.Validation.Contracts/BPUA.Application.Validation.Contracts.csproj" />
    <Project Path="BPUA.Application.Validation/BPUA.Application.Validation.csproj" />
  </Folder>
  <Folder Name="/BPUA.Application/NFA/">
    <Project Path="BPUA.Application.Boot/BPUA.Application.Boot.csproj" />
    <Project Path="BPUA.Application.Orchestration/BPUA.Application.Orchestration.csproj" />
    <Project Path="BPUA.Application.Registration/BPUA.Application.Registration.csproj" />
    <Project Path="BPUA.Http.Contracts/BPUA.Http.Contracts.csproj" />
  </Folder>
  <Folder Name="/BPUA.Application/UseCases/" />
  <Folder Name="/Framework/">
    <Project Path="BPUA.Application.Extensions.Services/BPUA.Application.Extensions.Services.csproj" />
    <Project Path="BPUA.Core/BPUA.Core.csproj" />
    <Project Path="PocoDataSet.BpuaExtensions/PocoDataSet.BpuaExtensions.csproj" Id="2739bf15-9f72-4107-9248-4167dcb24b22" />
  </Folder>
  <Folder Name="/Solution Items/">
    <File Path="SharedBuildSettings.props" />
  </Folder>
  <Folder Name="/xUnitTesting/">
    <Project Path="BPUA.Application.BootTests/BPUA.Application.BootTests.csproj" />
    <Project Path="BPUA.Application.RoutingTests/BPUA.Application.RoutingTests.csproj" Id="0ec6cf73-002d-4431-8c30-c94f1e124c5a" />
    <Project Path="BPUA.Application.TestInfrastructure/BPUA.Application.TestInfrastructure.csproj" Id="d1726330-baea-49c8-8108-248a9f4f3529" />
  </Folder>
</Solution>
