<Solution>
  <Folder Name="/BPUA.Application/" />
  <Folder Name="/BPUA.Application/FA/">
    <Project Path="BPUA.Application.BusinessLogic/BPUA.Application.BusinessLogic.csproj" />
    <Project Path="BPUA.Application.CommonComponents/BPUA.Application.CommonComponents.csproj" Id="bf9505a7-0f04-4619-8b6e-ff153c183817" />
    <Project Path="BPUA.Application.Context/BPUA.Application.Context.csproj" Id="85f1927e-3fa8-4467-849f-1c10709506c3" />
    <Project Path="BPUA.Application.Contracts/BPUA.Application.Contracts.csproj" />
    <Project Path="BPUA.Application.DataAccessLogic/BPUA.Application.DataAccessLogic.csproj" />
    <Project Path="BPUA.Application.DataProcessingLogic/BPUA.Application.DataProcessingLogic.csproj" />
    <Project Path="BPUA.Application.Services/BPUA.Application.Services.csproj" />
    <Project Path="BPUA.Application.StateMachineComponents/BPUA.Application.StateMachineComponents.csproj" />
  </Folder>
  <Folder Name="/BPUA.Application/NFA/">
    <Project Path="BPUA.Application.Boot/BPUA.Application.Boot.csproj" />
    <Project Path="BPUA.Application.Orchestration/BPUA.Application.Orchestration.csproj" />
  </Folder>
  <Folder Name="/Framework/">
    <Project Path="BPUA.Application.Extensions.Services/BPUA.Application.Extensions.Services.csproj" />
    <Project Path="BPUA.Core/BPUA.Core.csproj" />
  </Folder>
  <Folder Name="/Solution Items/">
    <File Path="SharedBuildSettings.props" />
  </Folder>
  <Folder Name="/UseCases/" />
  <Folder Name="/UseCases/Account/">
    <Project Path="BPUA.Account.BusinessLogic/BPUA.Account.BusinessLogic.csproj" />
    <Project Path="BPUA.Account.Contracts/BPUA.Account.Contracts.csproj" />
    <Project Path="BPUA.Account.DataAccessLogic/BPUA.Account.DataAccessLogic.csproj" />
    <Project Path="BPUA.Account.DataProcessingLogic/BPUA.Account.DataProcessingLogic.csproj" />
  </Folder>
  <Folder Name="/xUnitTesting/">
    <Project Path="BPUA.Application.BootTests/BPUA.Application.BootTests.csproj" />
  </Folder>
</Solution>
