<Solution>
  <Folder Name="/Applications/" />
  <Folder Name="/Applications/BpuaHost/">
    <Project Path="BPUA.Host.Application/BPUA.Host.Application.csproj" />
  </Folder>
  <Folder Name="/Applications/BpuaInfrastructureServer/">
    <Project Path="BPUA.InfrastructureServer.BL/BPUA.InfrastructureServer.BL.csproj" Id="0760aba1-1bde-486d-8a92-788c35197ad9" />
    <Project Path="BPUA.InfrastructureServer.Contracts/BPUA.InfrastructureServer.Contracts.csproj" Id="e40c0835-4fb6-4f68-8b36-15cf58842296" />
    <Project Path="BPUA.InfrastructureServer.DAL/BPUA.InfrastructureServer.DAL.csproj" Id="a890e6ce-ea01-4844-bc19-187ad2573ad1" />
    <Project Path="BPUA.InfrastructureServer.DPL/BPUA.InfrastructureServer.DPL.csproj" Id="91065176-6ead-4a3c-a7a4-f106c43057ea" />
    <Project Path="BPUA.InfrastructureServer.SL/BPUA.InfrastructureServer.SL.csproj" Id="8cb565ff-856c-400b-819e-a400686ab876" />
    <Project Path="BPUA.InfrastructureServer.RequestRouteHandlers/BPUA.InfrastructureServer.RequestRouteHandlers.csproj" Id="4244859d-77e0-4b42-b171-b4d10b4fb82d" />
  </Folder>
  <Folder Name="/BPUA.Application/" />
  <Folder Name="/BPUA.Application/ApplicationServer/">
    <Project Path="BPUA.ApplicationServer.Configuration/BPUA.ApplicationServer.Configuration.csproj" />
  </Folder>
  <Folder Name="/BPUA.Application/FA/">
    <Project Path="BPUA.Application.BusinessLogic/BPUA.Application.BusinessLogic.csproj" />
    <Project Path="BPUA.Application.Contracts/BPUA.Application.Contracts.csproj" />
    <Project Path="BPUA.Application.DataAccessLogic/BPUA.Application.DataAccessLogic.csproj" />
    <Project Path="BPUA.Application.DataProcessingLogic/BPUA.Application.DataProcessingLogic.csproj" />
    <Project Path="BPUA.Application.Services/BPUA.Application.Services.csproj" />
    <Project Path="BPUA.Application.StateLogic/BPUA.Application.StateLogic.csproj" Id="457ac41b-766a-44b3-a410-d3adc9161f64" />
    <Project Path="BPUA.Application.ProcessComponents/BPUA.Application.ProcessComponents.csproj" />
    <Project Path="BPUA.Application.Validation/BPUA.Application.Validation.csproj" />
  </Folder>
  <Folder Name="/BPUA.Application/NFA/">
    <Project Path="BPUA.Application.Boot/BPUA.Application.Boot.csproj" />
    <Project Path="BPUA.Application.NonFunctionalContracts/BPUA.Application.NonFunctionalContracts.csproj" />
    <Project Path="BPUA.Application.Orchestration/BPUA.Application.Orchestration.csproj" />
  </Folder>
  <Folder Name="/BPUA.Application/UseCases/" />
  <Folder Name="/Framework/">
    <Project Path="BPUA.Application.Extensions.Services/BPUA.Application.Extensions.Services.csproj" />
    <Project Path="BPUA.Core/BPUA.Core.csproj" />
    <Project Path="PocoDataSet.BpuaExtensions/PocoDataSet.BpuaExtensions.csproj" Id="2739bf15-9f72-4107-9248-4167dcb24b22" />
  </Folder>
  <Folder Name="/Solution Items/">
    <File Path="SharedBuildSettings.props" />
  </Folder>
  <Folder Name="/xUnitTesting/">
    <Project Path="BPUA.Application.TestInfrastructure/BPUA.Application.TestInfrastructure.csproj" Id="d1726330-baea-49c8-8108-248a9f4f3529" />
    <Project Path="BPUA.InfrastructureServer.Tests/BPUA.InfrastructureServer.Tests.csproj" Id="a5a3d3a6-8553-4923-bdc3-aec25050892e" />
  </Folder>
</Solution>
